// !$*UTF8*$!
{
	archiveVersion = 1;
	classes = {
	};
	objectVersion = 45;
	objects = {

/* Begin PBXBuildFile section */
		7303B25413D56DD100C237B9 /* FRChannel.m in Sources */ = {isa = PBXBuildFile; fileRef = 7303B25313D56DD100C237B9 /* FRChannel.m */; };
		7303B2EE13D5A27B00C237B9 /* Preferences.xib in Resources */ = {isa = PBXBuildFile; fileRef = 7303B2ED13D5A27B00C237B9 /* Preferences.xib */; };
		733C95FE11C8EAA600145346 /* AppController.m in Sources */ = {isa = PBXBuildFile; fileRef = 733C95FD11C8EAA600145346 /* AppController.m */; };
		733C967F11C93AC300145346 /* DoubanRadio.m in Sources */ = {isa = PBXBuildFile; fileRef = 733C967E11C93AC300145346 /* DoubanRadio.m */; };
		733C968111C93B0200145346 /* SystemConfiguration.framework in Frameworks */ = {isa = PBXBuildFile; fileRef = 733C968011C93B0200145346 /* SystemConfiguration.framework */; };
		733C968311C93B3900145346 /* libz.dylib in Frameworks */ = {isa = PBXBuildFile; fileRef = 733C968211C93B3900145346 /* libz.dylib */; };
		7356761A11DEE6CA008820D9 /* release_notes_template.html.erb in Resources */ = {isa = PBXBuildFile; fileRef = 7356761911DEE6CA008820D9 /* release_notes_template.html.erb */; };
		73634F3E11D70FFF00AEEFC6 /* RegexKitLite.m in Sources */ = {isa = PBXBuildFile; fileRef = 73634F3D11D70FFF00AEEFC6 /* RegexKitLite.m */; };
		73634F6511D7152F00AEEFC6 /* libicucore.dylib in Frameworks */ = {isa = PBXBuildFile; fileRef = 73634F6411D7152F00AEEFC6 /* libicucore.dylib */; };
		73634FC911D7261500AEEFC6 /* AppMain.xib in Resources */ = {isa = PBXBuildFile; fileRef = 73634FC811D7261500AEEFC6 /* AppMain.xib */; };
		7363A65111F99B68002161C1 /* ShortcutRecorder.framework in Frameworks */ = {isa = PBXBuildFile; fileRef = 7363A65011F99B68002161C1 /* ShortcutRecorder.framework */; };
		7363A66011F99B7A002161C1 /* ShortcutRecorder.framework in CopyFiles */ = {isa = PBXBuildFile; fileRef = 7363A65011F99B68002161C1 /* ShortcutRecorder.framework */; };
		73677D0B131FBBDF00818C15 /* FRPrefController.m in Sources */ = {isa = PBXBuildFile; fileRef = 73677D0A131FBBDF00818C15 /* FRPrefController.m */; };
		73736F5911EB68FC00F94641 /* Carbon.framework in Frameworks */ = {isa = PBXBuildFile; fileRef = 73736F5811EB68FC00F94641 /* Carbon.framework */; };
		7373707E11EBEFCD00F94641 /* SRRecorderControl+PTKeyCombo.m in Sources */ = {isa = PBXBuildFile; fileRef = 7373707D11EBEFCD00F94641 /* SRRecorderControl+PTKeyCombo.m */; };
		737B9A5D1296D66200D7198C /* FanRadioApplication.m in Sources */ = {isa = PBXBuildFile; fileRef = 737B9A5C1296D66200D7198C /* FanRadioApplication.m */; };
		737D7C5511DBAF5D00220957 /* FanRadio.sdef in Resources */ = {isa = PBXBuildFile; fileRef = 737D7C5411DBAF5D00220957 /* FanRadio.sdef */; };
		737D7C8711DBBA8900220957 /* FRShuffleCommand.m in Sources */ = {isa = PBXBuildFile; fileRef = 737D7C8611DBBA8900220957 /* FRShuffleCommand.m */; };
		737D7CA811DBC2F900220957 /* FRAlbumCommand.m in Sources */ = {isa = PBXBuildFile; fileRef = 737D7CA711DBC2F900220957 /* FRAlbumCommand.m */; };
		737D7CAB11DBC32400220957 /* FRArtistCommand.m in Sources */ = {isa = PBXBuildFile; fileRef = 737D7CAA11DBC32400220957 /* FRArtistCommand.m */; };
		737D7CAE11DBC33600220957 /* FRTrackCommand.m in Sources */ = {isa = PBXBuildFile; fileRef = 737D7CAD11DBC33600220957 /* FRTrackCommand.m */; };
		73A43D2E1241FBA50021D41E /* DataPoster.m in Sources */ = {isa = PBXBuildFile; fileRef = 73A43D2D1241FBA50021D41E /* DataPoster.m */; };
		73A785E112577ECB005B87D1 /* SSGenericKeychainItem.m in Sources */ = {isa = PBXBuildFile; fileRef = 73A785D912577ECB005B87D1 /* SSGenericKeychainItem.m */; };
		73A785E212577ECB005B87D1 /* SSInternetKeychainItem.m in Sources */ = {isa = PBXBuildFile; fileRef = 73A785DB12577ECB005B87D1 /* SSInternetKeychainItem.m */; };
		73A785E312577ECB005B87D1 /* SSKeychainItem.m in Sources */ = {isa = PBXBuildFile; fileRef = 73A785DE12577ECB005B87D1 /* SSKeychainItem.m */; };
		73A78601125781B8005B87D1 /* Security.framework in Frameworks */ = {isa = PBXBuildFile; fileRef = 73A78600125781B8005B87D1 /* Security.framework */; };
		73B0D73A11CE2BC300F11182 /* Sparkle.framework in Frameworks */ = {isa = PBXBuildFile; fileRef = 73B0D73911CE2BC300F11182 /* Sparkle.framework */; };
		73B0D74711CE2BCC00F11182 /* Sparkle.framework in CopyFiles */ = {isa = PBXBuildFile; fileRef = 73B0D73911CE2BC300F11182 /* Sparkle.framework */; };
		73B0D75211CE362700F11182 /* dsa_pub.pem in Resources */ = {isa = PBXBuildFile; fileRef = 73B0D75111CE362700F11182 /* dsa_pub.pem */; };
		73B0D7B111CE4A7E00F11182 /* release_notes.txt in Resources */ = {isa = PBXBuildFile; fileRef = 73B0D7B011CE4A7E00F11182 /* release_notes.txt */; };
		73B19092445FF2B400223D29 /* FRChannelList.m in Sources */ = {isa = PBXBuildFile; fileRef = 73B19091445FF2B400223D29 /* FRChannelList.m */; };
		73BC2C6E11F9880900B1D070 /* CJSONDataSerializer.m in Sources */ = {isa = PBXBuildFile; fileRef = 73BC2C6411F9880900B1D070 /* CJSONDataSerializer.m */; };
		73BC2C7011F9880900B1D070 /* CJSONDeserializer.m in Sources */ = {isa = PBXBuildFile; fileRef = 73BC2C6611F9880900B1D070 /* CJSONDeserializer.m */; };
		73BC2C7211F9880900B1D070 /* CJSONScanner.m in Sources */ = {isa = PBXBuildFile; fileRef = 73BC2C6811F9880900B1D070 /* CJSONScanner.m */; };
		73BC2C7411F9880900B1D070 /* CJSONSerializer.m in Sources */ = {isa = PBXBuildFile; fileRef = 73BC2C6A11F9880900B1D070 /* CJSONSerializer.m */; };
		73BC2C7611F9880900B1D070 /* CSerializedJSONData.m in Sources */ = {isa = PBXBuildFile; fileRef = 73BC2C6C11F9880900B1D070 /* CSerializedJSONData.m */; };
		73BC2C7A11F9881200B1D070 /* CDataScanner.m in Sources */ = {isa = PBXBuildFile; fileRef = 73BC2C7811F9881200B1D070 /* CDataScanner.m */; };
		73BC2C8411F9881F00B1D070 /* CDataScanner_Extensions.m in Sources */ = {isa = PBXBuildFile; fileRef = 73BC2C7C11F9881F00B1D070 /* CDataScanner_Extensions.m */; };
		73BC2C8611F9881F00B1D070 /* NSCharacterSet_Extensions.m in Sources */ = {isa = PBXBuildFile; fileRef = 73BC2C7E11F9881F00B1D070 /* NSCharacterSet_Extensions.m */; };
		73BC2C8811F9881F00B1D070 /* NSDictionary_JSONExtensions.m in Sources */ = {isa = PBXBuildFile; fileRef = 73BC2C8011F9881F00B1D070 /* NSDictionary_JSONExtensions.m */; };
		73BC2C8A11F9881F00B1D070 /* NSScanner_Extensions.m in Sources */ = {isa = PBXBuildFile; fileRef = 73BC2C8211F9881F00B1D070 /* NSScanner_Extensions.m */; };
		73BC2C9411F9887700B1D070 /* PTHotKey.m in Sources */ = {isa = PBXBuildFile; fileRef = 73BC2C8C11F9887700B1D070 /* PTHotKey.m */; };
		73BC2C9611F9887700B1D070 /* PTHotKeyCenter.m in Sources */ = {isa = PBXBuildFile; fileRef = 73BC2C8E11F9887700B1D070 /* PTHotKeyCenter.m */; };
		73BC2C9811F9887700B1D070 /* PTKeyCodeTranslator.m in Sources */ = {isa = PBXBuildFile; fileRef = 73BC2C9011F9887700B1D070 /* PTKeyCodeTranslator.m */; };
		73BC2C9A11F9887700B1D070 /* PTKeyCombo.m in Sources */ = {isa = PBXBuildFile; fileRef = 73BC2C9211F9887700B1D070 /* PTKeyCombo.m */; };
		73C809F611CC81CF005AD926 /* AudioStreamer.m in Sources */ = {isa = PBXBuildFile; fileRef = 73C809F511CC81CF005AD926 /* AudioStreamer.m */; };
		73C80A1111CCD611005AD926 /* AudioToolbox.framework in Frameworks */ = {isa = PBXBuildFile; fileRef = 73C80A1011CCD611005AD926 /* AudioToolbox.framework */; };
		73C80A3C11CCF130005AD926 /* Speaker.m in Sources */ = {isa = PBXBuildFile; fileRef = 73C80A3B11CCF130005AD926 /* Speaker.m */; };
		73C80A6611CCF9FF005AD926 /* FanRadio.icns in Resources */ = {isa = PBXBuildFile; fileRef = 73C80A6511CCF9FF005AD926 /* FanRadio.icns */; };
		73C80A7D11CD0582005AD926 /* Growl Registration Ticket.growlRegDict in Resources */ = {isa = PBXBuildFile; fileRef = 73C80A7611CD0499005AD926 /* Growl Registration Ticket.growlRegDict */; };
		73C80A8011CD0768005AD926 /* Growl.framework in Frameworks */ = {isa = PBXBuildFile; fileRef = 73C80A7F11CD0768005AD926 /* Growl.framework */; };
		73C80AC211CD0D19005AD926 /* Growl.framework in CopyFiles */ = {isa = PBXBuildFile; fileRef = 73C80A7F11CD0768005AD926 /* Growl.framework */; };
		73C80BC011CDE95B005AD926 /* DataLoader.m in Sources */ = {isa = PBXBuildFile; fileRef = 73C80BBF11CDE95B005AD926 /* DataLoader.m */; };
		73F8A080125B739300E12CCE /* PerProcessHTTPCookieStore.m in Sources */ = {isa = PBXBuildFile; fileRef = 73F8A07F125B739300E12CCE /* PerProcessHTTPCookieStore.m */; };
		73F8A083125B73A900E12CCE /* SafariExtensionPaths.m in Sources */ = {isa = PBXBuildFile; fileRef = 73F8A082125B73A900E12CCE /* SafariExtensionPaths.m */; };
		8D15AC2C0486D014006FF6A4 /* Credits.rtf in Resources */ = {isa = PBXBuildFile; fileRef = 2A37F4B9FDCFA73011CA2CEA /* Credits.rtf */; };
		8D15AC2F0486D014006FF6A4 /* InfoPlist.strings in Resources */ = {isa = PBXBuildFile; fileRef = 089C165FFE840EACC02AAC07 /* InfoPlist.strings */; };
		8D15AC320486D014006FF6A4 /* main.m in Sources */ = {isa = PBXBuildFile; fileRef = 2A37F4B0FDCFA73011CA2CEA /* main.m */; settings = {ATTRIBUTES = (); }; };
		8D15AC340486D014006FF6A4 /* Cocoa.framework in Frameworks */ = {isa = PBXBuildFile; fileRef = 1058C7A7FEA54F5311CA2CBB /* Cocoa.framework */; };
/* End PBXBuildFile section */

/* Begin PBXCopyFilesBuildPhase section */
		73C80ACA11CD0D29005AD926 /* CopyFiles */ = {
			isa = PBXCopyFilesBuildPhase;
			buildActionMask = 2147483647;
			dstPath = "";
			dstSubfolderSpec = 10;
			files = (
				7363A66011F99B7A002161C1 /* ShortcutRecorder.framework in CopyFiles */,
				73B0D74711CE2BCC00F11182 /* Sparkle.framework in CopyFiles */,
				73C80AC211CD0D19005AD926 /* Growl.framework in CopyFiles */,
			);
			runOnlyForDeploymentPostprocessing = 0;
		};
/* End PBXCopyFilesBuildPhase section */

/* Begin PBXFileReference section */
		089C1660FE840EACC02AAC07 /* English */ = {isa = PBXFileReference; fileEncoding = 4; lastKnownFileType = text.plist.strings; name = English; path = English.lproj/InfoPlist.strings; sourceTree = "<group>"; };
		1058C7A7FEA54F5311CA2CBB /* Cocoa.framework */ = {isa = PBXFileReference; lastKnownFileType = wrapper.framework; name = Cocoa.framework; path = /System/Library/Frameworks/Cocoa.framework; sourceTree = "<absolute>"; };
		13E42FBA07B3F13500E4EEF1 /* CoreData.framework */ = {isa = PBXFileReference; lastKnownFileType = wrapper.framework; name = CoreData.framework; path = /System/Library/Frameworks/CoreData.framework; sourceTree = "<absolute>"; };
		2564AD2C0F5327BB00F57823 /* FanRadio_Prefix.pch */ = {isa = PBXFileReference; fileEncoding = 4; lastKnownFileType = sourcecode.c.h; path = FanRadio_Prefix.pch; sourceTree = "<group>"; };
		2A37F4B0FDCFA73011CA2CEA /* main.m */ = {isa = PBXFileReference; fileEncoding = 4; lastKnownFileType = sourcecode.c.objc; path = main.m; sourceTree = "<group>"; };
		2A37F4BAFDCFA73011CA2CEA /* English */ = {isa = PBXFileReference; lastKnownFileType = text.rtf; name = English; path = English.lproj/Credits.rtf; sourceTree = "<group>"; };
		2A37F4C4FDCFA73011CA2CEA /* AppKit.framework */ = {isa = PBXFileReference; lastKnownFileType = wrapper.framework; name = AppKit.framework; path = /System/Library/Frameworks/AppKit.framework; sourceTree = "<absolute>"; };
		2A37F4C5FDCFA73011CA2CEA /* Foundation.framework */ = {isa = PBXFileReference; lastKnownFileType = wrapper.framework; name = Foundation.framework; path = /System/Library/Frameworks/Foundation.framework; sourceTree = "<absolute>"; };
		7303B25213D56DD100C237B9 /* FRChannel.h */ = {isa = PBXFileReference; fileEncoding = 4; lastKnownFileType = sourcecode.c.h; path = FRChannel.h; sourceTree = "<group>"; };
		7303B25313D56DD100C237B9 /* FRChannel.m */ = {isa = PBXFileReference; fileEncoding = 4; lastKnownFileType = sourcecode.c.objc; path = FRChannel.m; sourceTree = "<group>"; };
		7303B2ED13D5A27B00C237B9 /* Preferences.xib */ = {isa = PBXFileReference; lastKnownFileType = file.xib; path = Preferences.xib; sourceTree = "<group>"; };
		7337869511B2482E00DF434C /* protocol.rtf */ = {isa = PBXFileReference; lastKnownFileType = text.rtf; path = protocol.rtf; sourceTree = "<group>"; };
		733C95FC11C8EAA600145346 /* AppController.h */ = {isa = PBXFileReference; fileEncoding = 4; lastKnownFileType = sourcecode.c.h; path = AppController.h; sourceTree = "<group>"; };
		733C95FD11C8EAA600145346 /* AppController.m */ = {isa = PBXFileReference; fileEncoding = 4; lastKnownFileType = sourcecode.c.objc; path = AppController.m; sourceTree = "<group>"; };
		733C963B11C8FD9E00145346 /* English */ = {isa = PBXFileReference; lastKnownFileType = file.xib; name = English; path = English.lproj/AppMain.xib; sourceTree = "<group>"; };
		733C967D11C93AC300145346 /* DoubanRadio.h */ = {isa = PBXFileReference; fileEncoding = 4; lastKnownFileType = sourcecode.c.h; path = DoubanRadio.h; sourceTree = "<group>"; };
		733C967E11C93AC300145346 /* DoubanRadio.m */ = {isa = PBXFileReference; fileEncoding = 4; lastKnownFileType = sourcecode.c.objc; path = DoubanRadio.m; sourceTree = "<group>"; };
		733C968011C93B0200145346 /* SystemConfiguration.framework */ = {isa = PBXFileReference; lastKnownFileType = wrapper.framework; name = SystemConfiguration.framework; path = System/Library/Frameworks/SystemConfiguration.framework; sourceTree = SDKROOT; };
		733C968211C93B3900145346 /* libz.dylib */ = {isa = PBXFileReference; lastKnownFileType = "compiled.mach-o.dylib"; name = libz.dylib; path = usr/lib/libz.dylib; sourceTree = SDKROOT; };
		7356761911DEE6CA008820D9 /* release_notes_template.html.erb */ = {isa = PBXFileReference; fileEncoding = 4; lastKnownFileType = text; path = release_notes_template.html.erb; sourceTree = "<group>"; };
		73634F3C11D70FFF00AEEFC6 /* RegexKitLite.h */ = {isa = PBXFileReference; fileEncoding = 4; lastKnownFileType = sourcecode.c.h; path = RegexKitLite.h; sourceTree = "<group>"; };
		73634F3D11D70FFF00AEEFC6 /* RegexKitLite.m */ = {isa = PBXFileReference; fileEncoding = 4; lastKnownFileType = sourcecode.c.objc; path = RegexKitLite.m; sourceTree = "<group>"; };
		73634F6411D7152F00AEEFC6 /* libicucore.dylib */ = {isa = PBXFileReference; lastKnownFileType = "compiled.mach-o.dylib"; name = libicucore.dylib; path = usr/lib/libicucore.dylib; sourceTree = SDKROOT; };
		73634FCA11D7261D00AEEFC6 /* zh_CN */ = {isa = PBXFileReference; lastKnownFileType = file.xib; name = zh_CN; path = zh_CN.lproj/AppMain.xib; sourceTree = "<group>"; };
		7363A65011F99B68002161C1 /* ShortcutRecorder.framework */ = {isa = PBXFileReference; lastKnownFileType = wrapper.framework; name = ShortcutRecorder.framework; path = ../src/shortcutrecorder/build/Release/ShortcutRecorder.framework; sourceTree = SOURCE_ROOT; };
		73677D09131FBBDF00818C15 /* FRPrefController.h */ = {isa = PBXFileReference; fileEncoding = 4; lastKnownFileType = sourcecode.c.h; path = FRPrefController.h; sourceTree = "<group>"; };
		73677D0A131FBBDF00818C15 /* FRPrefController.m */ = {isa = PBXFileReference; fileEncoding = 4; lastKnownFileType = sourcecode.c.objc; path = FRPrefController.m; sourceTree = "<group>"; };
		73736F5811EB68FC00F94641 /* Carbon.framework */ = {isa = PBXFileReference; lastKnownFileType = wrapper.framework; name = Carbon.framework; path = System/Library/Frameworks/Carbon.framework; sourceTree = SDKROOT; };
		7373707C11EBEFCD00F94641 /* SRRecorderControl+PTKeyCombo.h */ = {isa = PBXFileReference; fileEncoding = 4; lastKnownFileType = sourcecode.c.h; path = "SRRecorderControl+PTKeyCombo.h"; sourceTree = "<group>"; };
		7373707D11EBEFCD00F94641 /* SRRecorderControl+PTKeyCombo.m */ = {isa = PBXFileReference; fileEncoding = 4; lastKnownFileType = sourcecode.c.objc; path = "SRRecorderControl+PTKeyCombo.m"; sourceTree = "<group>"; };
		737B9A5B1296D66200D7198C /* FanRadioApplication.h */ = {isa = PBXFileReference; fileEncoding = 4; lastKnownFileType = sourcecode.c.h; path = FanRadioApplication.h; sourceTree = "<group>"; };
		737B9A5C1296D66200D7198C /* FanRadioApplication.m */ = {isa = PBXFileReference; fileEncoding = 4; lastKnownFileType = sourcecode.c.objc; path = FanRadioApplication.m; sourceTree = "<group>"; };
		737D7C5411DBAF5D00220957 /* FanRadio.sdef */ = {isa = PBXFileReference; fileEncoding = 4; lastKnownFileType = text.xml; path = FanRadio.sdef; sourceTree = "<group>"; };
		737D7C8511DBBA8900220957 /* FRShuffleCommand.h */ = {isa = PBXFileReference; fileEncoding = 4; lastKnownFileType = sourcecode.c.h; path = FRShuffleCommand.h; sourceTree = "<group>"; };
		737D7C8611DBBA8900220957 /* FRShuffleCommand.m */ = {isa = PBXFileReference; fileEncoding = 4; lastKnownFileType = sourcecode.c.objc; path = FRShuffleCommand.m; sourceTree = "<group>"; };
		737D7CA611DBC2F900220957 /* FRAlbumCommand.h */ = {isa = PBXFileReference; fileEncoding = 4; lastKnownFileType = sourcecode.c.h; path = FRAlbumCommand.h; sourceTree = "<group>"; };
		737D7CA711DBC2F900220957 /* FRAlbumCommand.m */ = {isa = PBXFileReference; fileEncoding = 4; lastKnownFileType = sourcecode.c.objc; path = FRAlbumCommand.m; sourceTree = "<group>"; };
		737D7CA911DBC32400220957 /* FRArtistCommand.h */ = {isa = PBXFileReference; fileEncoding = 4; lastKnownFileType = sourcecode.c.h; path = FRArtistCommand.h; sourceTree = "<group>"; };
		737D7CAA11DBC32400220957 /* FRArtistCommand.m */ = {isa = PBXFileReference; fileEncoding = 4; lastKnownFileType = sourcecode.c.objc; path = FRArtistCommand.m; sourceTree = "<group>"; };
		737D7CAC11DBC33600220957 /* FRTrackCommand.h */ = {isa = PBXFileReference; fileEncoding = 4; lastKnownFileType = sourcecode.c.h; path = FRTrackCommand.h; sourceTree = "<group>"; };
		737D7CAD11DBC33600220957 /* FRTrackCommand.m */ = {isa = PBXFileReference; fileEncoding = 4; lastKnownFileType = sourcecode.c.objc; path = FRTrackCommand.m; sourceTree = "<group>"; };
		73A43D2C1241FBA50021D41E /* DataPoster.h */ = {isa = PBXFileReference; fileEncoding = 4; lastKnownFileType = sourcecode.c.h; path = DataPoster.h; sourceTree = "<group>"; };
		73A43D2D1241FBA50021D41E /* DataPoster.m */ = {isa = PBXFileReference; fileEncoding = 4; lastKnownFileType = sourcecode.c.objc; path = DataPoster.m; sourceTree = "<group>"; };
		73A785D812577ECB005B87D1 /* SSGenericKeychainItem.h */ = {isa = PBXFileReference; fileEncoding = 4; lastKnownFileType = sourcecode.c.h; path = SSGenericKeychainItem.h; sourceTree = "<group>"; };
		73A785D912577ECB005B87D1 /* SSGenericKeychainItem.m */ = {isa = PBXFileReference; fileEncoding = 4; lastKnownFileType = sourcecode.c.objc; path = SSGenericKeychainItem.m; sourceTree = "<group>"; };
		73A785DA12577ECB005B87D1 /* SSInternetKeychainItem.h */ = {isa = PBXFileReference; fileEncoding = 4; lastKnownFileType = sourcecode.c.h; path = SSInternetKeychainItem.h; sourceTree = "<group>"; };
		73A785DB12577ECB005B87D1 /* SSInternetKeychainItem.m */ = {isa = PBXFileReference; fileEncoding = 4; lastKnownFileType = sourcecode.c.objc; path = SSInternetKeychainItem.m; sourceTree = "<group>"; };
		73A785DC12577ECB005B87D1 /* SSKeychain.h */ = {isa = PBXFileReference; fileEncoding = 4; lastKnownFileType = sourcecode.c.h; path = SSKeychain.h; sourceTree = "<group>"; };
		73A785DD12577ECB005B87D1 /* SSKeychainItem.h */ = {isa = PBXFileReference; fileEncoding = 4; lastKnownFileType = sourcecode.c.h; path = SSKeychainItem.h; sourceTree = "<group>"; };
		73A785DE12577ECB005B87D1 /* SSKeychainItem.m */ = {isa = PBXFileReference; fileEncoding = 4; lastKnownFileType = sourcecode.c.objc; path = SSKeychainItem.m; sourceTree = "<group>"; };
		73A78600125781B8005B87D1 /* Security.framework */ = {isa = PBXFileReference; lastKnownFileType = wrapper.framework; name = Security.framework; path = System/Library/Frameworks/Security.framework; sourceTree = SDKROOT; };
		73B0D73911CE2BC300F11182 /* Sparkle.framework */ = {isa = PBXFileReference; lastKnownFileType = wrapper.framework; path = Sparkle.framework; sourceTree = SOURCE_ROOT; };
		73B0D75111CE362700F11182 /* dsa_pub.pem */ = {isa = PBXFileReference; fileEncoding = 4; lastKnownFileType = text; path = dsa_pub.pem; sourceTree = "<group>"; };
		73B0D7B011CE4A7E00F11182 /* release_notes.txt */ = {isa = PBXFileReference; fileEncoding = 4; lastKnownFileType = text; path = release_notes.txt; sourceTree = "<group>"; };
		73B19090445FF2B400223D29 /* FRChannelList.h */ = {isa = PBXFileReference; fileEncoding = 4; lastKnownFileType = sourcecode.c.h; path = FRChannelList.h; sourceTree = "<group>"; };
		73B19091445FF2B400223D29 /* FRChannelList.m */ = {isa = PBXFileReference; fileEncoding = 4; lastKnownFileType = sourcecode.c.objc; path = FRChannelList.m; sourceTree = "<group>"; };
		73BC2C6311F9880900B1D070 /* CJSONDataSerializer.h */ = {isa = PBXFileReference; fileEncoding = 4; lastKnownFileType = sourcecode.c.h; name = CJSONDataSerializer.h; path = /Users/freewizard/Projects/src/TouchCode/TouchJSON/Source/JSON/CJSONDataSerializer.h; sourceTree = "<absolute>"; };
		73BC2C6411F9880900B1D070 /* CJSONDataSerializer.m */ = {isa = PBXFileReference; fileEncoding = 4; lastKnownFileType = sourcecode.c.objc; name = CJSONDataSerializer.m; path = /Users/freewizard/Projects/src/TouchCode/TouchJSON/Source/JSON/CJSONDataSerializer.m; sourceTree = "<absolute>"; };
		73BC2C6511F9880900B1D070 /* CJSONDeserializer.h */ = {isa = PBXFileReference; fileEncoding = 4; lastKnownFileType = sourcecode.c.h; name = CJSONDeserializer.h; path = /Users/freewizard/Projects/src/TouchCode/TouchJSON/Source/JSON/CJSONDeserializer.h; sourceTree = "<absolute>"; };
		73BC2C6611F9880900B1D070 /* CJSONDeserializer.m */ = {isa = PBXFileReference; fileEncoding = 4; lastKnownFileType = sourcecode.c.objc; name = CJSONDeserializer.m; path = /Users/freewizard/Projects/src/TouchCode/TouchJSON/Source/JSON/CJSONDeserializer.m; sourceTree = "<absolute>"; };
		73BC2C6711F9880900B1D070 /* CJSONScanner.h */ = {isa = PBXFileReference; fileEncoding = 4; lastKnownFileType = sourcecode.c.h; name = CJSONScanner.h; path = /Users/freewizard/Projects/src/TouchCode/TouchJSON/Source/JSON/CJSONScanner.h; sourceTree = "<absolute>"; };
		73BC2C6811F9880900B1D070 /* CJSONScanner.m */ = {isa = PBXFileReference; fileEncoding = 4; lastKnownFileType = sourcecode.c.objc; name = CJSONScanner.m; path = /Users/freewizard/Projects/src/TouchCode/TouchJSON/Source/JSON/CJSONScanner.m; sourceTree = "<absolute>"; };
		73BC2C6911F9880900B1D070 /* CJSONSerializer.h */ = {isa = PBXFileReference; fileEncoding = 4; lastKnownFileType = sourcecode.c.h; name = CJSONSerializer.h; path = /Users/freewizard/Projects/src/TouchCode/TouchJSON/Source/JSON/CJSONSerializer.h; sourceTree = "<absolute>"; };
		73BC2C6A11F9880900B1D070 /* CJSONSerializer.m */ = {isa = PBXFileReference; fileEncoding = 4; lastKnownFileType = sourcecode.c.objc; name = CJSONSerializer.m; path = /Users/freewizard/Projects/src/TouchCode/TouchJSON/Source/JSON/CJSONSerializer.m; sourceTree = "<absolute>"; };
		73BC2C6B11F9880900B1D070 /* CSerializedJSONData.h */ = {isa = PBXFileReference; fileEncoding = 4; lastKnownFileType = sourcecode.c.h; name = CSerializedJSONData.h; path = /Users/freewizard/Projects/src/TouchCode/TouchJSON/Source/JSON/CSerializedJSONData.h; sourceTree = "<absolute>"; };
		73BC2C6C11F9880900B1D070 /* CSerializedJSONData.m */ = {isa = PBXFileReference; fileEncoding = 4; lastKnownFileType = sourcecode.c.objc; name = CSerializedJSONData.m; path = /Users/freewizard/Projects/src/TouchCode/TouchJSON/Source/JSON/CSerializedJSONData.m; sourceTree = "<absolute>"; };
		73BC2C7711F9881200B1D070 /* CDataScanner.h */ = {isa = PBXFileReference; fileEncoding = 4; lastKnownFileType = sourcecode.c.h; name = CDataScanner.h; path = /Users/freewizard/Projects/src/TouchCode/TouchJSON/Source/CDataScanner.h; sourceTree = "<absolute>"; };
		73BC2C7811F9881200B1D070 /* CDataScanner.m */ = {isa = PBXFileReference; fileEncoding = 4; lastKnownFileType = sourcecode.c.objc; name = CDataScanner.m; path = /Users/freewizard/Projects/src/TouchCode/TouchJSON/Source/CDataScanner.m; sourceTree = "<absolute>"; };
		73BC2C7B11F9881F00B1D070 /* CDataScanner_Extensions.h */ = {isa = PBXFileReference; fileEncoding = 4; lastKnownFileType = sourcecode.c.h; name = CDataScanner_Extensions.h; path = /Users/freewizard/Projects/src/TouchCode/TouchJSON/Source/Extensions/CDataScanner_Extensions.h; sourceTree = "<absolute>"; };
		73BC2C7C11F9881F00B1D070 /* CDataScanner_Extensions.m */ = {isa = PBXFileReference; fileEncoding = 4; lastKnownFileType = sourcecode.c.objc; name = CDataScanner_Extensions.m; path = /Users/freewizard/Projects/src/TouchCode/TouchJSON/Source/Extensions/CDataScanner_Extensions.m; sourceTree = "<absolute>"; };
		73BC2C7D11F9881F00B1D070 /* NSCharacterSet_Extensions.h */ = {isa = PBXFileReference; fileEncoding = 4; lastKnownFileType = sourcecode.c.h; name = NSCharacterSet_Extensions.h; path = /Users/freewizard/Projects/src/TouchCode/TouchJSON/Source/Extensions/NSCharacterSet_Extensions.h; sourceTree = "<absolute>"; };
		73BC2C7E11F9881F00B1D070 /* NSCharacterSet_Extensions.m */ = {isa = PBXFileReference; fileEncoding = 4; lastKnownFileType = sourcecode.c.objc; name = NSCharacterSet_Extensions.m; path = /Users/freewizard/Projects/src/TouchCode/TouchJSON/Source/Extensions/NSCharacterSet_Extensions.m; sourceTree = "<absolute>"; };
		73BC2C7F11F9881F00B1D070 /* NSDictionary_JSONExtensions.h */ = {isa = PBXFileReference; fileEncoding = 4; lastKnownFileType = sourcecode.c.h; name = NSDictionary_JSONExtensions.h; path = /Users/freewizard/Projects/src/TouchCode/TouchJSON/Source/Extensions/NSDictionary_JSONExtensions.h; sourceTree = "<absolute>"; };
		73BC2C8011F9881F00B1D070 /* NSDictionary_JSONExtensions.m */ = {isa = PBXFileReference; fileEncoding = 4; lastKnownFileType = sourcecode.c.objc; name = NSDictionary_JSONExtensions.m; path = /Users/freewizard/Projects/src/TouchCode/TouchJSON/Source/Extensions/NSDictionary_JSONExtensions.m; sourceTree = "<absolute>"; };
		73BC2C8111F9881F00B1D070 /* NSScanner_Extensions.h */ = {isa = PBXFileReference; fileEncoding = 4; lastKnownFileType = sourcecode.c.h; name = NSScanner_Extensions.h; path = /Users/freewizard/Projects/src/TouchCode/TouchJSON/Source/Extensions/NSScanner_Extensions.h; sourceTree = "<absolute>"; };
		73BC2C8211F9881F00B1D070 /* NSScanner_Extensions.m */ = {isa = PBXFileReference; fileEncoding = 4; lastKnownFileType = sourcecode.c.objc; name = NSScanner_Extensions.m; path = /Users/freewizard/Projects/src/TouchCode/TouchJSON/Source/Extensions/NSScanner_Extensions.m; sourceTree = "<absolute>"; };
		73BC2C8B11F9887700B1D070 /* PTHotKey.h */ = {isa = PBXFileReference; fileEncoding = 4; lastKnownFileType = sourcecode.c.h; name = PTHotKey.h; path = /Users/freewizard/Projects/src/shortcutrecorder/Demo/HotKey/PTHotKey.h; sourceTree = "<absolute>"; };
		73BC2C8C11F9887700B1D070 /* PTHotKey.m */ = {isa = PBXFileReference; fileEncoding = 4; lastKnownFileType = sourcecode.c.objc; name = PTHotKey.m; path = /Users/freewizard/Projects/src/shortcutrecorder/Demo/HotKey/PTHotKey.m; sourceTree = "<absolute>"; };
		73BC2C8D11F9887700B1D070 /* PTHotKeyCenter.h */ = {isa = PBXFileReference; fileEncoding = 4; lastKnownFileType = sourcecode.c.h; name = PTHotKeyCenter.h; path = /Users/freewizard/Projects/src/shortcutrecorder/Demo/HotKey/PTHotKeyCenter.h; sourceTree = "<absolute>"; };
		73BC2C8E11F9887700B1D070 /* PTHotKeyCenter.m */ = {isa = PBXFileReference; fileEncoding = 4; lastKnownFileType = sourcecode.c.objc; name = PTHotKeyCenter.m; path = /Users/freewizard/Projects/src/shortcutrecorder/Demo/HotKey/PTHotKeyCenter.m; sourceTree = "<absolute>"; };
		73BC2C8F11F9887700B1D070 /* PTKeyCodeTranslator.h */ = {isa = PBXFileReference; fileEncoding = 4; lastKnownFileType = sourcecode.c.h; name = PTKeyCodeTranslator.h; path = /Users/freewizard/Projects/src/shortcutrecorder/Demo/HotKey/PTKeyCodeTranslator.h; sourceTree = "<absolute>"; };
		73BC2C9011F9887700B1D070 /* PTKeyCodeTranslator.m */ = {isa = PBXFileReference; fileEncoding = 4; lastKnownFileType = sourcecode.c.objc; name = PTKeyCodeTranslator.m; path = /Users/freewizard/Projects/src/shortcutrecorder/Demo/HotKey/PTKeyCodeTranslator.m; sourceTree = "<absolute>"; };
		73BC2C9111F9887700B1D070 /* PTKeyCombo.h */ = {isa = PBXFileReference; fileEncoding = 4; lastKnownFileType = sourcecode.c.h; name = PTKeyCombo.h; path = /Users/freewizard/Projects/src/shortcutrecorder/Demo/HotKey/PTKeyCombo.h; sourceTree = "<absolute>"; };
		73BC2C9211F9887700B1D070 /* PTKeyCombo.m */ = {isa = PBXFileReference; fileEncoding = 4; lastKnownFileType = sourcecode.c.objc; name = PTKeyCombo.m; path = /Users/freewizard/Projects/src/shortcutrecorder/Demo/HotKey/PTKeyCombo.m; sourceTree = "<absolute>"; };
		73C809F411CC81CF005AD926 /* AudioStreamer.h */ = {isa = PBXFileReference; fileEncoding = 4; lastKnownFileType = sourcecode.c.h; path = AudioStreamer.h; sourceTree = "<group>"; };
		73C809F511CC81CF005AD926 /* AudioStreamer.m */ = {isa = PBXFileReference; fileEncoding = 4; lastKnownFileType = sourcecode.c.objc; path = AudioStreamer.m; sourceTree = "<group>"; };
		73C80A1011CCD611005AD926 /* AudioToolbox.framework */ = {isa = PBXFileReference; lastKnownFileType = wrapper.framework; name = AudioToolbox.framework; path = System/Library/Frameworks/AudioToolbox.framework; sourceTree = SDKROOT; };
		73C80A3A11CCF130005AD926 /* Speaker.h */ = {isa = PBXFileReference; fileEncoding = 4; lastKnownFileType = sourcecode.c.h; path = Speaker.h; sourceTree = "<group>"; };
		73C80A3B11CCF130005AD926 /* Speaker.m */ = {isa = PBXFileReference; fileEncoding = 4; lastKnownFileType = sourcecode.c.objc; path = Speaker.m; sourceTree = "<group>"; };
		73C80A6511CCF9FF005AD926 /* FanRadio.icns */ = {isa = PBXFileReference; lastKnownFileType = image.icns; path = FanRadio.icns; sourceTree = "<group>"; };
		73C80A7611CD0499005AD926 /* Growl Registration Ticket.growlRegDict */ = {isa = PBXFileReference; explicitFileType = text.plist.xml; fileEncoding = 4; path = "Growl Registration Ticket.growlRegDict"; sourceTree = "<group>"; };
		73C80A7F11CD0768005AD926 /* Growl.framework */ = {isa = PBXFileReference; lastKnownFileType = wrapper.framework; path = Growl.framework; sourceTree = SOURCE_ROOT; };
		73C80BBE11CDE95B005AD926 /* DataLoader.h */ = {isa = PBXFileReference; fileEncoding = 4; lastKnownFileType = sourcecode.c.h; path = DataLoader.h; sourceTree = "<group>"; };
		73C80BBF11CDE95B005AD926 /* DataLoader.m */ = {isa = PBXFileReference; fileEncoding = 4; lastKnownFileType = sourcecode.c.objc; path = DataLoader.m; sourceTree = "<group>"; };
		73F8A07E125B739300E12CCE /* PerProcessHTTPCookieStore.h */ = {isa = PBXFileReference; fileEncoding = 4; lastKnownFileType = sourcecode.c.h; path = PerProcessHTTPCookieStore.h; sourceTree = "<group>"; };
		73F8A07F125B739300E12CCE /* PerProcessHTTPCookieStore.m */ = {isa = PBXFileReference; fileEncoding = 4; lastKnownFileType = sourcecode.c.objc; path = PerProcessHTTPCookieStore.m; sourceTree = "<group>"; };
		73F8A081125B73A900E12CCE /* SafariExtensionPaths.h */ = {isa = PBXFileReference; fileEncoding = 4; lastKnownFileType = sourcecode.c.h; path = SafariExtensionPaths.h; sourceTree = "<group>"; };
		73F8A082125B73A900E12CCE /* SafariExtensionPaths.m */ = {isa = PBXFileReference; fileEncoding = 4; lastKnownFileType = sourcecode.c.objc; path = SafariExtensionPaths.m; sourceTree = "<group>"; };
		8D15AC360486D014006FF6A4 /* Info.plist */ = {isa = PBXFileReference; fileEncoding = 4; lastKnownFileType = text.plist.xml; path = Info.plist; sourceTree = "<group>"; };
		8D15AC370486D014006FF6A4 /* FanRadio.app */ = {isa = PBXFileReference; explicitFileType = wrapper.application; includeInIndex = 0; path = FanRadio.app; sourceTree = BUILT_PRODUCTS_DIR; };
/* End PBXFileReference section */

/* Begin PBXFrameworksBuildPhase section */
		8D15AC330486D014006FF6A4 /* Frameworks */ = {
			isa = PBXFrameworksBuildPhase;
			buildActionMask = 2147483647;
			files = (
				73C80A1111CCD611005AD926 /* AudioToolbox.framework in Frameworks */,
				73736F5911EB68FC00F94641 /* Carbon.framework in Frameworks */,
				8D15AC340486D014006FF6A4 /* Cocoa.framework in Frameworks */,
				73C80A8011CD0768005AD926 /* Growl.framework in Frameworks */,
				73634F6511D7152F00AEEFC6 /* libicucore.dylib in Frameworks */,
				733C968311C93B3900145346 /* libz.dylib in Frameworks */,
				7363A65111F99B68002161C1 /* ShortcutRecorder.framework in Frameworks */,
				73B0D73A11CE2BC300F11182 /* Sparkle.framework in Frameworks */,
				733C968111C93B0200145346 /* SystemConfiguration.framework in Frameworks */,
				73A78601125781B8005B87D1 /* Security.framework in Frameworks */,
			);
			runOnlyForDeploymentPostprocessing = 0;
		};
/* End PBXFrameworksBuildPhase section */

/* Begin PBXGroup section */
		1058C7A6FEA54F5311CA2CBB /* Linked Frameworks */ = {
			isa = PBXGroup;
			children = (
				2A37F4C4FDCFA73011CA2CEA /* AppKit.framework */,
				73C80A1011CCD611005AD926 /* AudioToolbox.framework */,
				73736F5811EB68FC00F94641 /* Carbon.framework */,
				1058C7A7FEA54F5311CA2CBB /* Cocoa.framework */,
				13E42FBA07B3F13500E4EEF1 /* CoreData.framework */,
				2A37F4C5FDCFA73011CA2CEA /* Foundation.framework */,
				73634F6411D7152F00AEEFC6 /* libicucore.dylib */,
				733C968211C93B3900145346 /* libz.dylib */,
				73A78600125781B8005B87D1 /* Security.framework */,
				733C968011C93B0200145346 /* SystemConfiguration.framework */,
			);
			name = "Linked Frameworks";
			sourceTree = "<group>";
		};
		1058C7A8FEA54F5311CA2CBB /* Other Frameworks */ = {
			isa = PBXGroup;
			children = (
				7363A65011F99B68002161C1 /* ShortcutRecorder.framework */,
				73C80A7F11CD0768005AD926 /* Growl.framework */,
				73B0D73911CE2BC300F11182 /* Sparkle.framework */,
			);
			name = "Other Frameworks";
			sourceTree = "<group>";
		};
		19C28FB0FE9D524F11CA2CBB /* Products */ = {
			isa = PBXGroup;
			children = (
				8D15AC370486D014006FF6A4 /* FanRadio.app */,
			);
			name = Products;
			sourceTree = "<group>";
		};
		2A37F4AAFDCFA73011CA2CEA /* FanRadio */ = {
			isa = PBXGroup;
			children = (
				7337869511B2482E00DF434C /* protocol.rtf */,
				2A37F4ABFDCFA73011CA2CEA /* Classes */,
				2A37F4AFFDCFA73011CA2CEA /* Other Sources */,
				2A37F4B8FDCFA73011CA2CEA /* Resources */,
				2A37F4C3FDCFA73011CA2CEA /* Frameworks */,
				19C28FB0FE9D524F11CA2CBB /* Products */,
			);
			name = FanRadio;
			sourceTree = "<group>";
		};
		2A37F4ABFDCFA73011CA2CEA /* Classes */ = {
			isa = PBXGroup;
			children = (
				7303B27113D576F800C237B9 /* Model */,
				73677D07131FBB4E00818C15 /* Util */,
				73677D06131FBB3D00818C15 /* Script Support */,
				733C95FC11C8EAA600145346 /* AppController.h */,
				733C95FD11C8EAA600145346 /* AppController.m */,
				73C80A3A11CCF130005AD926 /* Speaker.h */,
				73C80A3B11CCF130005AD926 /* Speaker.m */,
				73677D09131FBBDF00818C15 /* FRPrefController.h */,
				73677D0A131FBBDF00818C15 /* FRPrefController.m */,
			);
			name = Classes;
			sourceTree = "<group>";
		};
		2A37F4AFFDCFA73011CA2CEA /* Other Sources */ = {
			isa = PBXGroup;
			children = (
				7373704211EB787600F94641 /* PTHotKey */,
				73A785C912577EB1005B87D1 /* SSKeychain */,
				733C965D11C93A7500145346 /* TouchJSON */,
				73F8A081125B73A900E12CCE /* SafariExtensionPaths.h */,
				73F8A082125B73A900E12CCE /* SafariExtensionPaths.m */,
				73F8A07E125B739300E12CCE /* PerProcessHTTPCookieStore.h */,
				73F8A07F125B739300E12CCE /* PerProcessHTTPCookieStore.m */,
				73C809F411CC81CF005AD926 /* AudioStreamer.h */,
				73C809F511CC81CF005AD926 /* AudioStreamer.m */,
				2564AD2C0F5327BB00F57823 /* FanRadio_Prefix.pch */,
				8D15AC360486D014006FF6A4 /* Info.plist */,
				2A37F4B0FDCFA73011CA2CEA /* main.m */,
				73634F3C11D70FFF00AEEFC6 /* RegexKitLite.h */,
				73634F3D11D70FFF00AEEFC6 /* RegexKitLite.m */,
				7356761911DEE6CA008820D9 /* release_notes_template.html.erb */,
			);
			name = "Other Sources";
			sourceTree = "<group>";
		};
		2A37F4B8FDCFA73011CA2CEA /* Resources */ = {
			isa = PBXGroup;
			children = (
				737D7C5411DBAF5D00220957 /* FanRadio.sdef */,
				73B0D7B011CE4A7E00F11182 /* release_notes.txt */,
				73B0D75111CE362700F11182 /* dsa_pub.pem */,
				73C80A6511CCF9FF005AD926 /* FanRadio.icns */,
				2A37F4B9FDCFA73011CA2CEA /* Credits.rtf */,
				089C165FFE840EACC02AAC07 /* InfoPlist.strings */,
				73634FC811D7261500AEEFC6 /* AppMain.xib */,
				73C80A7611CD0499005AD926 /* Growl Registration Ticket.growlRegDict */,
				7303B2ED13D5A27B00C237B9 /* Preferences.xib */,
			);
			name = Resources;
			sourceTree = "<group>";
		};
		2A37F4C3FDCFA73011CA2CEA /* Frameworks */ = {
			isa = PBXGroup;
			children = (
				1058C7A6FEA54F5311CA2CBB /* Linked Frameworks */,
				1058C7A8FEA54F5311CA2CBB /* Other Frameworks */,
			);
			name = Frameworks;
			sourceTree = "<group>";
		};
		7303B27113D576F800C237B9 /* Model */ = {
			isa = PBXGroup;
			children = (
				733C967D11C93AC300145346 /* DoubanRadio.h */,
				733C967E11C93AC300145346 /* DoubanRadio.m */,
				7303B25213D56DD100C237B9 /* FRChannel.h */,
				7303B25313D56DD100C237B9 /* FRChannel.m */,
				73B19090445FF2B400223D29 /* FRChannelList.h */,
				73B19091445FF2B400223D29 /* FRChannelList.m */,
			);
			name = Model;
			sourceTree = "<group>";
		};
		733C965D11C93A7500145346 /* TouchJSON */ = {
			isa = PBXGroup;
			children = (
				73BC2C7B11F9881F00B1D070 /* CDataScanner_Extensions.h */,
				73BC2C7C11F9881F00B1D070 /* CDataScanner_Extensions.m */,
				73BC2C7D11F9881F00B1D070 /* NSCharacterSet_Extensions.h */,
				73BC2C7E11F9881F00B1D070 /* NSCharacterSet_Extensions.m */,
				73BC2C7F11F9881F00B1D070 /* NSDictionary_JSONExtensions.h */,
				73BC2C8011F9881F00B1D070 /* NSDictionary_JSONExtensions.m */,
				73BC2C8111F9881F00B1D070 /* NSScanner_Extensions.h */,
				73BC2C8211F9881F00B1D070 /* NSScanner_Extensions.m */,
				73BC2C7711F9881200B1D070 /* CDataScanner.h */,
				73BC2C7811F9881200B1D070 /* CDataScanner.m */,
				73BC2C6311F9880900B1D070 /* CJSONDataSerializer.h */,
				73BC2C6411F9880900B1D070 /* CJSONDataSerializer.m */,
				73BC2C6511F9880900B1D070 /* CJSONDeserializer.h */,
				73BC2C6611F9880900B1D070 /* CJSONDeserializer.m */,
				73BC2C6711F9880900B1D070 /* CJSONScanner.h */,
				73BC2C6811F9880900B1D070 /* CJSONScanner.m */,
				73BC2C6911F9880900B1D070 /* CJSONSerializer.h */,
				73BC2C6A11F9880900B1D070 /* CJSONSerializer.m */,
				73BC2C6B11F9880900B1D070 /* CSerializedJSONData.h */,
				73BC2C6C11F9880900B1D070 /* CSerializedJSONData.m */,
			);
			name = TouchJSON;
			sourceTree = "<group>";
		};
		73677D06131FBB3D00818C15 /* Script Support */ = {
			isa = PBXGroup;
			children = (
				737D7CA611DBC2F900220957 /* FRAlbumCommand.h */,
				737D7CA711DBC2F900220957 /* FRAlbumCommand.m */,
				737D7CA911DBC32400220957 /* FRArtistCommand.h */,
				737D7CAA11DBC32400220957 /* FRArtistCommand.m */,
				737D7C8511DBBA8900220957 /* FRShuffleCommand.h */,
				737D7C8611DBBA8900220957 /* FRShuffleCommand.m */,
				737D7CAC11DBC33600220957 /* FRTrackCommand.h */,
				737D7CAD11DBC33600220957 /* FRTrackCommand.m */,
			);
			name = "Script Support";
			sourceTree = "<group>";
		};
		73677D07131FBB4E00818C15 /* Util */ = {
			isa = PBXGroup;
			children = (
				737B9A5B1296D66200D7198C /* FanRadioApplication.h */,
				737B9A5C1296D66200D7198C /* FanRadioApplication.m */,
				7373707C11EBEFCD00F94641 /* SRRecorderControl+PTKeyCombo.h */,
				7373707D11EBEFCD00F94641 /* SRRecorderControl+PTKeyCombo.m */,
				73C80BBE11CDE95B005AD926 /* DataLoader.h */,
				73C80BBF11CDE95B005AD926 /* DataLoader.m */,
				73A43D2C1241FBA50021D41E /* DataPoster.h */,
				73A43D2D1241FBA50021D41E /* DataPoster.m */,
			);
			name = Util;
			sourceTree = "<group>";
		};
		7373704211EB787600F94641 /* PTHotKey */ = {
			isa = PBXGroup;
			children = (
				73BC2C8B11F9887700B1D070 /* PTHotKey.h */,
				73BC2C8C11F9887700B1D070 /* PTHotKey.m */,
				73BC2C8D11F9887700B1D070 /* PTHotKeyCenter.h */,
				73BC2C8E11F9887700B1D070 /* PTHotKeyCenter.m */,
				73BC2C8F11F9887700B1D070 /* PTKeyCodeTranslator.h */,
				73BC2C9011F9887700B1D070 /* PTKeyCodeTranslator.m */,
				73BC2C9111F9887700B1D070 /* PTKeyCombo.h */,
				73BC2C9211F9887700B1D070 /* PTKeyCombo.m */,
			);
			name = PTHotKey;
			sourceTree = "<group>";
		};
		73A785C912577EB1005B87D1 /* SSKeychain */ = {
			isa = PBXGroup;
			children = (
				73A785D812577ECB005B87D1 /* SSGenericKeychainItem.h */,
				73A785D912577ECB005B87D1 /* SSGenericKeychainItem.m */,
				73A785DA12577ECB005B87D1 /* SSInternetKeychainItem.h */,
				73A785DB12577ECB005B87D1 /* SSInternetKeychainItem.m */,
				73A785DC12577ECB005B87D1 /* SSKeychain.h */,
				73A785DD12577ECB005B87D1 /* SSKeychainItem.h */,
				73A785DE12577ECB005B87D1 /* SSKeychainItem.m */,
			);
			name = SSKeychain;
			sourceTree = "<group>";
		};
/* End PBXGroup section */

/* Begin PBXNativeTarget section */
		8D15AC270486D014006FF6A4 /* FanRadio */ = {
			isa = PBXNativeTarget;
			buildConfigurationList = C05733C708A9546B00998B17 /* Build configuration list for PBXNativeTarget "FanRadio" */;
			buildPhases = (
				8D15AC2B0486D014006FF6A4 /* Resources */,
				8D15AC300486D014006FF6A4 /* Sources */,
				8D15AC330486D014006FF6A4 /* Frameworks */,
				73C80ACA11CD0D29005AD926 /* CopyFiles */,
			);
			buildRules = (
			);
			dependencies = (
			);
			name = FanRadio;
			productInstallPath = "$(HOME)/Applications";
			productName = FanRadio;
			productReference = 8D15AC370486D014006FF6A4 /* FanRadio.app */;
			productType = "com.apple.product-type.application";
		};
/* End PBXNativeTarget section */

/* Begin PBXProject section */
		2A37F4A9FDCFA73011CA2CEA /* Project object */ = {
			isa = PBXProject;
			buildConfigurationList = C05733CB08A9546B00998B17 /* Build configuration list for PBXProject "FanRadio" */;
			compatibilityVersion = "Xcode 3.1";
			hasScannedForEncodings = 1;
			knownRegions = (
				English,
				Japanese,
				French,
				German,
				zh_CN,
			);
			mainGroup = 2A37F4AAFDCFA73011CA2CEA /* FanRadio */;
			projectDirPath = "";
			projectRoot = "";
			targets = (
				8D15AC270486D014006FF6A4 /* FanRadio */,
			);
		};
/* End PBXProject section */

/* Begin PBXResourcesBuildPhase section */
		8D15AC2B0486D014006FF6A4 /* Resources */ = {
			isa = PBXResourcesBuildPhase;
			buildActionMask = 2147483647;
			files = (
				73C80A7D11CD0582005AD926 /* Growl Registration Ticket.growlRegDict in Resources */,
				8D15AC2C0486D014006FF6A4 /* Credits.rtf in Resources */,
				8D15AC2F0486D014006FF6A4 /* InfoPlist.strings in Resources */,
				73634FC911D7261500AEEFC6 /* AppMain.xib in Resources */,
				73C80A6611CCF9FF005AD926 /* FanRadio.icns in Resources */,
				73B0D75211CE362700F11182 /* dsa_pub.pem in Resources */,
				73B0D7B111CE4A7E00F11182 /* release_notes.txt in Resources */,
				737D7C5511DBAF5D00220957 /* FanRadio.sdef in Resources */,
				7356761A11DEE6CA008820D9 /* release_notes_template.html.erb in Resources */,
				7303B2EE13D5A27B00C237B9 /* Preferences.xib in Resources */,
			);
			runOnlyForDeploymentPostprocessing = 0;
		};
/* End PBXResourcesBuildPhase section */

/* Begin PBXSourcesBuildPhase section */
		8D15AC300486D014006FF6A4 /* Sources */ = {
			isa = PBXSourcesBuildPhase;
			buildActionMask = 2147483647;
			files = (
				8D15AC320486D014006FF6A4 /* main.m in Sources */,
				733C95FE11C8EAA600145346 /* AppController.m in Sources */,
				733C967F11C93AC300145346 /* DoubanRadio.m in Sources */,
				73C809F611CC81CF005AD926 /* AudioStreamer.m in Sources */,
				73C80A3C11CCF130005AD926 /* Speaker.m in Sources */,
				73C80BC011CDE95B005AD926 /* DataLoader.m in Sources */,
				73634F3E11D70FFF00AEEFC6 /* RegexKitLite.m in Sources */,
				737D7C8711DBBA8900220957 /* FRShuffleCommand.m in Sources */,
				737D7CA811DBC2F900220957 /* FRAlbumCommand.m in Sources */,
				737D7CAB11DBC32400220957 /* FRArtistCommand.m in Sources */,
				737D7CAE11DBC33600220957 /* FRTrackCommand.m in Sources */,
				7373707E11EBEFCD00F94641 /* SRRecorderControl+PTKeyCombo.m in Sources */,
				73BC2C6E11F9880900B1D070 /* CJSONDataSerializer.m in Sources */,
				73BC2C7011F9880900B1D070 /* CJSONDeserializer.m in Sources */,
				73BC2C7211F9880900B1D070 /* CJSONScanner.m in Sources */,
				73BC2C7411F9880900B1D070 /* CJSONSerializer.m in Sources */,
				73BC2C7611F9880900B1D070 /* CSerializedJSONData.m in Sources */,
				73BC2C7A11F9881200B1D070 /* CDataScanner.m in Sources */,
				73BC2C8411F9881F00B1D070 /* CDataScanner_Extensions.m in Sources */,
				73BC2C8611F9881F00B1D070 /* NSCharacterSet_Extensions.m in Sources */,
				73BC2C8811F9881F00B1D070 /* NSDictionary_JSONExtensions.m in Sources */,
				73BC2C8A11F9881F00B1D070 /* NSScanner_Extensions.m in Sources */,
				73BC2C9411F9887700B1D070 /* PTHotKey.m in Sources */,
				73BC2C9611F9887700B1D070 /* PTHotKeyCenter.m in Sources */,
				73BC2C9811F9887700B1D070 /* PTKeyCodeTranslator.m in Sources */,
				73BC2C9A11F9887700B1D070 /* PTKeyCombo.m in Sources */,
				73A43D2E1241FBA50021D41E /* DataPoster.m in Sources */,
				73A785E112577ECB005B87D1 /* SSGenericKeychainItem.m in Sources */,
				73A785E212577ECB005B87D1 /* SSInternetKeychainItem.m in Sources */,
				73A785E312577ECB005B87D1 /* SSKeychainItem.m in Sources */,
				73F8A080125B739300E12CCE /* PerProcessHTTPCookieStore.m in Sources */,
				73F8A083125B73A900E12CCE /* SafariExtensionPaths.m in Sources */,
				737B9A5D1296D66200D7198C /* FanRadioApplication.m in Sources */,
				73677D0B131FBBDF00818C15 /* FRPrefController.m in Sources */,
				73B19092445FF2B400223D29 /* FRChannelList.m in Sources */,
				7303B25413D56DD100C237B9 /* FRChannel.m in Sources */,
			);
			runOnlyForDeploymentPostprocessing = 0;
		};
/* End PBXSourcesBuildPhase section */

/* Begin PBXVariantGroup section */
		089C165FFE840EACC02AAC07 /* InfoPlist.strings */ = {
			isa = PBXVariantGroup;
			children = (
				089C1660FE840EACC02AAC07 /* English */,
			);
			name = InfoPlist.strings;
			sourceTree = "<group>";
		};
		2A37F4B9FDCFA73011CA2CEA /* Credits.rtf */ = {
			isa = PBXVariantGroup;
			children = (
				2A37F4BAFDCFA73011CA2CEA /* English */,
			);
			name = Credits.rtf;
			sourceTree = "<group>";
		};
		73634FC811D7261500AEEFC6 /* AppMain.xib */ = {
			isa = PBXVariantGroup;
			children = (
				733C963B11C8FD9E00145346 /* English */,
				73634FCA11D7261D00AEEFC6 /* zh_CN */,
			);
			name = AppMain.xib;
			sourceTree = "<group>";
		};
/* End PBXVariantGroup section */

/* Begin XCBuildConfiguration section */
		C05733C808A9546B00998B17 /* Debug */ = {
			isa = XCBuildConfiguration;
			buildSettings = {
				ALWAYS_SEARCH_USER_PATHS = NO;
				COPY_PHASE_STRIP = NO;
				FRAMEWORK_SEARCH_PATHS = (
					"$(inherited)",
					"\"$(SRCROOT)\"",
					"\"$(SRCROOT)/../../src/shortcutrecorder/build/Debug\"",
					"\"$(SRCROOT)/../src/shortcutrecorder/build/Debug\"",
				);
				GCC_DYNAMIC_NO_PIC = NO;
				GCC_ENABLE_FIX_AND_CONTINUE = YES;
				GCC_MODEL_TUNING = G5;
				GCC_OPTIMIZATION_LEVEL = 0;
				GCC_PRECOMPILE_PREFIX_HEADER = YES;
				GCC_PREFIX_HEADER = FanRadio_Prefix.pch;
				INFOPLIST_FILE = Info.plist;
				INSTALL_PATH = "$(HOME)/Applications";
				PRODUCT_NAME = FanRadio;
			};
			name = Debug;
		};
		C05733C908A9546B00998B17 /* Release */ = {
			isa = XCBuildConfiguration;
			buildSettings = {
				ALWAYS_SEARCH_USER_PATHS = NO;
				DEBUG_INFORMATION_FORMAT = "dwarf-with-dsym";
				FRAMEWORK_SEARCH_PATHS = (
					"$(inherited)",
					"\"$(SRCROOT)\"",
					"\"$(SRCROOT)/../../src/shortcutrecorder/build/Debug\"",
					"\"$(SRCROOT)/../src/shortcutrecorder/build/Debug\"",
				);
				GCC_MODEL_TUNING = G5;
				GCC_PRECOMPILE_PREFIX_HEADER = YES;
				GCC_PREFIX_HEADER = FanRadio_Prefix.pch;
				INFOPLIST_FILE = Info.plist;
				INSTALL_PATH = "$(HOME)/Applications";
				PRODUCT_NAME = FanRadio;
			};
			name = Release;
		};
		C05733CC08A9546B00998B17 /* Debug */ = {
			isa = XCBuildConfiguration;
			buildSettings = {
				ARCHS = "$(ARCHS_STANDARD_32_64_BIT)";
				CODE_SIGN_IDENTITY = RollingCode.org;
				GCC_C_LANGUAGE_STANDARD = gnu99;
				GCC_OPTIMIZATION_LEVEL = 0;
				GCC_VERSION = com.apple.compilers.llvm.clang.1_0;
				GCC_WARN_ABOUT_MISSING_FIELD_INITIALIZERS = YES;
				GCC_WARN_ABOUT_MISSING_PROTOTYPES = YES;
				GCC_WARN_MISSING_PARENTHESES = YES;
				GCC_WARN_MULTIPLE_DEFINITION_TYPES_FOR_SELECTOR = NO;
				GCC_WARN_UNDECLARED_SELECTOR = YES;
				GCC_WARN_UNINITIALIZED_AUTOS = NO;
				GCC_WARN_UNKNOWN_PRAGMAS = YES;
				GCC_WARN_UNUSED_FUNCTION = YES;
				GCC_WARN_UNUSED_LABEL = YES;
				GCC_WARN_UNUSED_PARAMETER = YES;
				GCC_WARN_UNUSED_VALUE = YES;
				GCC_WARN_UNUSED_VARIABLE = YES;
				ONLY_ACTIVE_ARCH = NO;
				OTHER_CFLAGS = "-Wall";
				PREBINDING = NO;
				SDKROOT = macosx10.5;
			};
			name = Debug;
		};
		C05733CD08A9546B00998B17 /* Release */ = {
			isa = XCBuildConfiguration;
			buildSettings = {
				ARCHS = "$(ARCHS_STANDARD_32_64_BIT)";
				CODE_SIGN_IDENTITY = RollingCode.org;
				GCC_C_LANGUAGE_STANDARD = gnu99;
				GCC_VERSION = com.apple.compilers.llvm.clang.1_0;
				GCC_WARN_ABOUT_MISSING_FIELD_INITIALIZERS = YES;
				GCC_WARN_ABOUT_MISSING_PROTOTYPES = YES;
				GCC_WARN_MISSING_PARENTHESES = YES;
				GCC_WARN_MULTIPLE_DEFINITION_TYPES_FOR_SELECTOR = NO;
				GCC_WARN_UNDECLARED_SELECTOR = YES;
				GCC_WARN_UNINITIALIZED_AUTOS = NO;
				GCC_WARN_UNKNOWN_PRAGMAS = YES;
				GCC_WARN_UNUSED_FUNCTION = YES;
				GCC_WARN_UNUSED_LABEL = YES;
				GCC_WARN_UNUSED_PARAMETER = YES;
				GCC_WARN_UNUSED_VALUE = YES;
				GCC_WARN_UNUSED_VARIABLE = YES;
				OTHER_CFLAGS = "-Wall";
				PREBINDING = NO;
				SDKROOT = macosx10.5;
			};
			name = Release;
		};
/* End XCBuildConfiguration section */

/* Begin XCConfigurationList section */
		C05733C708A9546B00998B17 /* Build configuration list for PBXNativeTarget "FanRadio" */ = {
			isa = XCConfigurationList;
			buildConfigurations = (
				C05733C808A9546B00998B17 /* Debug */,
				C05733C908A9546B00998B17 /* Release */,
			);
			defaultConfigurationIsVisible = 0;
			defaultConfigurationName = Release;
		};
		C05733CB08A9546B00998B17 /* Build configuration list for PBXProject "FanRadio" */ = {
			isa = XCConfigurationList;
			buildConfigurations = (
				C05733CC08A9546B00998B17 /* Debug */,
				C05733CD08A9546B00998B17 /* Release */,
			);
			defaultConfigurationIsVisible = 0;
			defaultConfigurationName = Release;
		};
/* End XCConfigurationList section */
	};
	rootObject = 2A37F4A9FDCFA73011CA2CEA /* Project object */;
}
